
Microsoft Visual Studio Solution File, Format Version 12.00
# Visual Studio Version 16
VisualStudioVersion = 16.0.28729.10
MinimumVisualStudioVersion = 10.0.40219.1
Project("{FAE04EC0-301F-11D3-BF4B-00C04F79EFBC}") = "Text_Editor", "Text_Editor\Text_Editor.csproj", "{1DCA30A8-6C47-4CEC-A13D-36BF73BBEFE3}"
EndProject
Global
	GlobalSection(SolutionConfigurationPlatforms) = preSolution
		Debug|Any CPU = Debug|Any CPU
		Release|Any CPU = Release|Any CPU
	EndGlobalSection
	GlobalSection(ProjectConfigurationPlatforms) = postSolution
		{1DCA30A8-6C47-4CEC-A13D-36BF73BBEFE3}.Debug|Any CPU.ActiveCfg = Debug|Any CPU
		{1DCA30A8-6C47-4CEC-A13D-36BF73BBEFE3}.Debug|Any CPU.Build.0 = Debug|Any CPU
		{1DCA30A8-6C47-4CEC-A13D-36BF73BBEFE3}.Release|Any CPU.ActiveCfg = Release|Any CPU
		{1DCA30A8-6C47-4CEC-A13D-36BF73BBEFE3}.Release|Any CPU.Build.0 = Release|Any CPU
	EndGlobalSection
	GlobalSection(SolutionProperties) = preSolution
		HideSolutionNode = FALSE
	EndGlobalSection
	GlobalSection(ExtensibilityGlobals) = postSolution
		SolutionGuid = {32F760B7-8088-42F0-A776-8A3794664FEE}
	EndGlobalSection
EndGlobal
